{
  "name": "chargebee-languages",
  "version": "1.0.0",
  "lockfileVersion": 1,
  "requires": true,
  "dependencies": {
    "@supercharge/goodies": {
      "version": "1.8.0",
      "resolved": "https://registry.npmjs.org/@supercharge/goodies/-/goodies-1.8.0.tgz",
      "integrity": "sha512-2CVM584Z1J/pyOS95qhFmQ0RFm3Y3kia3lydLFw0o0UgRd29vhyhheRKcJaGTQf5I3HJGdRoLLWVkrWuObwz1w=="
    },
    "@supercharge/promise-pool": {
      "version": "1.6.1",
      "resolved": "https://registry.npmjs.org/@supercharge/promise-pool/-/promise-pool-1.6.1.tgz",
      "integrity": "sha512-QNt/cVr6P0q9fbY9tQVTZJ5gkay79etvM0k71BAixCWlSvn9h4U4DuG1IhVsQi5Aka06KVF+PA98lJNI4Ad1Rw==",
      "requires": {
        "@supercharge/goodies": "~1.8.0"
      }
    },
    "csv-parser": {
      "version": "3.0.0",
      "resolved": "https://registry.npmjs.org/csv-parser/-/csv-parser-3.0.0.tgz",
      "integrity": "sha512-s6OYSXAK3IdKqYO33y09jhypG/bSDHPuyCme/IdEHfWpLf/jKcpitVFyOC6UemgGk8v7Q5u2XE0vvwmanxhGlQ==",
      "requires": {
        "minimist": "^1.2.0"
      }
    },
    "csv-writer": {
      "version": "1.6.0",
      "resolved": "https://registry.npmjs.org/csv-writer/-/csv-writer-1.6.0.tgz",
      "integrity": "sha512-NOx7YDFWEsM/fTRAJjRpPp8t+MKRVvniAg9wQlUKx20MFrPs73WLJhFf5iteqrxNYnsy924K3Iroh3yNHeYd2g=="
    },
    "lodash": {
      "version": "4.17.21",
      "resolved": "https://registry.npmjs.org/lodash/-/lodash-4.17.21.tgz",
      "integrity": "sha512-v2kDEe57lecTulaDIuNTPy3Ry4gLGJ6Z1O3vE1krgXZNrsQ+LFTGHVxVjcXPs17LhbZVGedAJv8XZ1tvj5FvSg=="
    },
    "minimist": {
      "version": "1.2.5",
      "resolved": "https://registry.npmjs.org/minimist/-/minimist-1.2.5.tgz",
      "integrity": "sha512-FM9nNUYrRBAELZQT3xeZQ7fmMOBg6nWNmJKTcgsJeaLstP/UODVpGsr5OhXhhXg6f+qtJ8uiZ+PUxkDWcgIXLw=="
    }
  }
}
